
Microsoft Visual Studio Solution File, Format Version 12.00
# Visual Studio Version 17
VisualStudioVersion = 17.0.31919.166
MinimumVisualStudioVersion = 10.0.40219.1
Project("{FAE04EC0-301F-11D3-BF4B-00C04F79EFBC}") = "HideEmail", "HideEmail\HideEmail.csproj", "{326EE4EB-EF71-43F1-BD60-8B2E7144AAF6}"
EndProject
Global
	GlobalSection(SolutionConfigurationPlatforms) = preSolution
		Debug|Any CPU = Debug|Any CPU
		Release|Any CPU = Release|Any CPU
	EndGlobalSection
	GlobalSection(ProjectConfigurationPlatforms) = postSolution
		{326EE4EB-EF71-43F1-BD60-8B2E7144AAF6}.Debug|Any CPU.ActiveCfg = Debug|Any CPU
		{326EE4EB-EF71-43F1-BD60-8B2E7144AAF6}.Debug|Any CPU.Build.0 = Debug|Any CPU
		{326EE4EB-EF71-43F1-BD60-8B2E7144AAF6}.Release|Any CPU.ActiveCfg = Release|Any CPU
		{326EE4EB-EF71-43F1-BD60-8B2E7144AAF6}.Release|Any CPU.Build.0 = Release|Any CPU
	EndGlobalSection
	GlobalSection(SolutionProperties) = preSolution
		HideSolutionNode = FALSE
	EndGlobalSection
	GlobalSection(ExtensibilityGlobals) = postSolution
		SolutionGuid = {44D571C7-D0D8-4046-9560-B2F0ED51C3D1}
	EndGlobalSection
EndGlobal
